
Microsoft Visual Studio Solution File, Format Version 11.00
# Visual C# Express 2010
Project("{FAE04EC0-301F-11D3-BF4B-00C04F79EFBC}") = "DP_Iterator", "DP_Iterator\DP_Iterator.csproj", "{FF86A449-4424-474C-A76A-C636002FD433}"
EndProject
Global
	GlobalSection(SolutionConfigurationPlatforms) = preSolution
		Debug|x86 = Debug|x86
		Release|x86 = Release|x86
	EndGlobalSection
	GlobalSection(ProjectConfigurationPlatforms) = postSolution
		{FF86A449-4424-474C-A76A-C636002FD433}.Debug|x86.ActiveCfg = Debug|x86
		{FF86A449-4424-474C-A76A-C636002FD433}.Debug|x86.Build.0 = Debug|x86
		{FF86A449-4424-474C-A76A-C636002FD433}.Release|x86.ActiveCfg = Release|x86
		{FF86A449-4424-474C-A76A-C636002FD433}.Release|x86.Build.0 = Release|x86
	EndGlobalSection
	GlobalSection(SolutionProperties) = preSolution
		HideSolutionNode = FALSE
	EndGlobalSection
EndGlobal
