
Microsoft Visual Studio Solution File, Format Version 12.00
Project("{FAE04EC0-301F-11D3-BF4B-00C04F79EFBC}") = "Payslip", "Payslip\Payslip.csproj", "{F217933E-EF1C-413B-8DD2-0021E1FDF733}"
EndProject
Project("{FAE04EC0-301F-11D3-BF4B-00C04F79EFBC}") = "Payslip.Tests", "Payslip.Tests\Payslip.Tests.csproj", "{9E456BEC-BE72-41A4-8340-5AE3F94832F2}"
EndProject
Global
	GlobalSection(SolutionConfigurationPlatforms) = preSolution
		Debug|Any CPU = Debug|Any CPU
		Release|Any CPU = Release|Any CPU
	EndGlobalSection
	GlobalSection(ProjectConfigurationPlatforms) = postSolution
		{F217933E-EF1C-413B-8DD2-0021E1FDF733}.Debug|Any CPU.ActiveCfg = Debug|Any CPU
		{F217933E-EF1C-413B-8DD2-0021E1FDF733}.Debug|Any CPU.Build.0 = Debug|Any CPU
		{F217933E-EF1C-413B-8DD2-0021E1FDF733}.Release|Any CPU.ActiveCfg = Release|Any CPU
		{F217933E-EF1C-413B-8DD2-0021E1FDF733}.Release|Any CPU.Build.0 = Release|Any CPU
		{9E456BEC-BE72-41A4-8340-5AE3F94832F2}.Debug|Any CPU.ActiveCfg = Debug|Any CPU
		{9E456BEC-BE72-41A4-8340-5AE3F94832F2}.Debug|Any CPU.Build.0 = Debug|Any CPU
		{9E456BEC-BE72-41A4-8340-5AE3F94832F2}.Release|Any CPU.ActiveCfg = Release|Any CPU
		{9E456BEC-BE72-41A4-8340-5AE3F94832F2}.Release|Any CPU.Build.0 = Release|Any CPU
	EndGlobalSection
EndGlobal
